Microsoft Visual Studio Solution File, Format Version 12.00
# 17
VisualStudioVersion = 17.11.35111.106
MinimumVisualStudioVersion = 10.0.40219.1
Project("{9A19103F-16F7-4668-BE54-9A1E7A4F7556}") = "Kiparis.AppHost", "src\Kiparis.AppHost\Kiparis.AppHost.csproj", "{A1B2B255-5D09-4E21-992D-BB27B11F0001}"
EndProject
Project("{9A19103F-16F7-4668-BE54-9A1E7A4F7556}") = "Kiparis.ServiceDefaults", "src\Kiparis.ServiceDefaults\Kiparis.ServiceDefaults.csproj", "{E327DE59-CB43-4FF4-A5B8-DF5A63FC598B}"
EndProject
Project("{2150E333-8FDC-42A3-9474-1A3956D46DE8}") = "src", "src", "{80EDF709-6B7C-44BD-807D-1A1A82C3F8FB}"
EndProject
Project("{FAE04EC0-301F-11D3-BF4B-00C04F79EFBC}") = "Kiparis.EventBus", "src\Kiparis.EventBus\Kiparis.EventBus.csproj", "{C2A13097-2EDE-41F5-867A-045A4CBAF498}"
EndProject
Project("{FAE04EC0-301F-11D3-BF4B-00C04F79EFBC}") = "Kiparis.EventBus.Dapr", "src\Kiparis.EventBus.Dapr\Kiparis.EventBus.Dapr.csproj", "{D4E91554-D55A-442A-8BAC-850191D8D18E}"
EndProject
Global
	GlobalSection(SolutionConfigurationPlatforms) = preSolution
		Debug|Any CPU = Debug|Any CPU
		Release|Any CPU = Release|Any CPU
	EndGlobalSection
	GlobalSection(ProjectConfigurationPlatforms) = postSolution
		{A1B2B255-5D09-4E21-992D-BB27B11F0001}.Debug|Any CPU.ActiveCfg = Debug|Any CPU
		{A1B2B255-5D09-4E21-992D-BB27B11F0001}.Debug|Any CPU.Build.0 = Debug|Any CPU
		{A1B2B255-5D09-4E21-992D-BB27B11F0001}.Release|Any CPU.ActiveCfg = Release|Any CPU
		{A1B2B255-5D09-4E21-992D-BB27B11F0001}.Release|Any CPU.Build.0 = Release|Any CPU
		{E327DE59-CB43-4FF4-A5B8-DF5A63FC598B}.Debug|Any CPU.ActiveCfg = Debug|Any CPU
		{E327DE59-CB43-4FF4-A5B8-DF5A63FC598B}.Debug|Any CPU.Build.0 = Debug|Any CPU
		{E327DE59-CB43-4FF4-A5B8-DF5A63FC598B}.Release|Any CPU.ActiveCfg = Release|Any CPU
		{E327DE59-CB43-4FF4-A5B8-DF5A63FC598B}.Release|Any CPU.Build.0 = Release|Any CPU
		{C2A13097-2EDE-41F5-867A-045A4CBAF498}.Debug|Any CPU.ActiveCfg = Debug|Any CPU
		{C2A13097-2EDE-41F5-867A-045A4CBAF498}.Debug|Any CPU.Build.0 = Debug|Any CPU
		{C2A13097-2EDE-41F5-867A-045A4CBAF498}.Release|Any CPU.ActiveCfg = Release|Any CPU
		{C2A13097-2EDE-41F5-867A-045A4CBAF498}.Release|Any CPU.Build.0 = Release|Any CPU
		{D4E91554-D55A-442A-8BAC-850191D8D18E}.Debug|Any CPU.ActiveCfg = Debug|Any CPU
		{D4E91554-D55A-442A-8BAC-850191D8D18E}.Debug|Any CPU.Build.0 = Debug|Any CPU
		{D4E91554-D55A-442A-8BAC-850191D8D18E}.Release|Any CPU.ActiveCfg = Release|Any CPU
		{D4E91554-D55A-442A-8BAC-850191D8D18E}.Release|Any CPU.Build.0 = Release|Any CPU
	EndGlobalSection
	GlobalSection(SolutionProperties) = preSolution
		HideSolutionNode = FALSE
	EndGlobalSection
	GlobalSection(NestedProjects) = preSolution
		{A1B2B255-5D09-4E21-992D-BB27B11F0001} = {80EDF709-6B7C-44BD-807D-1A1A82C3F8FB}
		{E327DE59-CB43-4FF4-A5B8-DF5A63FC598B} = {80EDF709-6B7C-44BD-807D-1A1A82C3F8FB}
		{C2A13097-2EDE-41F5-867A-045A4CBAF498} = {80EDF709-6B7C-44BD-807D-1A1A82C3F8FB}
		{D4E91554-D55A-442A-8BAC-850191D8D18E} = {80EDF709-6B7C-44BD-807D-1A1A82C3F8FB}
	EndGlobalSection
	GlobalSection(ExtensibilityGlobals) = postSolution
		SolutionGuid = {3C046667-882B-4D8E-A3D5-9EAD0F4C6BD8}
	EndGlobalSection
EndGlobal
